
Microsoft Visual Studio Solution File, Format Version 12.00
# Visual Studio Version 16
VisualStudioVersion = 16.0.31624.102
MinimumVisualStudioVersion = 10.0.40219.1
Project("{FAE04EC0-301F-11D3-BF4B-00C04F79EFBC}") = "RestApp", "RestApp.csproj", "{5E60C847-5F5A-437F-AB9B-CE347EC0975D}"
EndProject
Global
	GlobalSection(SolutionConfigurationPlatforms) = preSolution
		Debug|Any CPU = Debug|Any CPU
		Release|Any CPU = Release|Any CPU
	EndGlobalSection
	GlobalSection(ProjectConfigurationPlatforms) = postSolution
		{5E60C847-5F5A-437F-AB9B-CE347EC0975D}.Debug|Any CPU.ActiveCfg = Debug|Any CPU
		{5E60C847-5F5A-437F-AB9B-CE347EC0975D}.Debug|Any CPU.Build.0 = Debug|Any CPU
		{5E60C847-5F5A-437F-AB9B-CE347EC0975D}.Release|Any CPU.ActiveCfg = Release|Any CPU
		{5E60C847-5F5A-437F-AB9B-CE347EC0975D}.Release|Any CPU.Build.0 = Release|Any CPU
	EndGlobalSection
	GlobalSection(SolutionProperties) = preSolution
		HideSolutionNode = FALSE
	EndGlobalSection
	GlobalSection(ExtensibilityGlobals) = postSolution
		SolutionGuid = {5687E51E-482C-4A01-B8C0-BE7BC48FC93A}
	EndGlobalSection
EndGlobal
